{
  "name": "apache-airflow",
  "version": "2.10.2",
  "lockfileVersion": 3,
  "requires": true,
  "packages": {
    "": {
      "name": "apache-airflow",
      "version": "2.10.2",
      "license": "Apache-2.0",
      "dependencies": {
        "alembic": "1.7.1",
        "attrs": "21.2.0",
        "click": "8.0.1",
        "colorlog": "6.4.1",
        "croniter": "1.0.15",
        "cryptography": "3.4.7",
        "dill": "0.3.4",
        "flask": "2.0.1",
        "flask-appbuilder": "3.3.2",
        "flask-caching": "1.10.1",
        "flask-jwt-extended": "4.3.1",
        "flask-login": "0.5.0",
        "flask-sqlalchemy": "2.5.1",
        "graphlib-backport": "1.0.3",
        "gunicorn": "20.1.0",
        "iso8601": "0.1.16",
        "jinja2": "3.0.1",
        "jsonschema": "3.2.0",
        "lazy-object-proxy": "1.6.0",
        "marshmallow": "3.12.1",
        "marshmallow-enum": "1.5.1",
        "numpy": "1.21.1",
        "pendulum": "2.1.2",
        "psutil": "5.8.0",
        "pygments": "2.9.0",
        "python-daemon": "2.3.0",
        "python-dateutil": "2.8.2",
        "python-nvd3": "0.15.0",
        "requests": "2.26.0",
        "setuptools": "57.4.0",
        "sqlalchemy": "1.4.22",
        "tabulate": "0.8.9",
        "tenacity": "8.0.1",
        "termcolor": "1.1.0",
        "typing-extensions": "3.10.0.0",
        "urllib3": "1.26.6",
        "werkzeug": "2.0.1",
        "wtforms": "2.3.3"
      }
    }
  }
}